
Microsoft Visual Studio Solution File, Format Version 12.00
# Visual Studio Version 17
VisualStudioVersion = 17.11.35303.130
MinimumVisualStudioVersion = 10.0.40219.1
Project("{FAE04EC0-301F-11D3-BF4B-00C04F79EFBC}") = "ECommerce_web", "ECommerce_web\ECommerce_web.csproj", "{B2267C50-515A-48A5-B557-ACA7F5DD2C8D}"
EndProject
Global
	GlobalSection(SolutionConfigurationPlatforms) = preSolution
		Debug|Any CPU = Debug|Any CPU
		Release|Any CPU = Release|Any CPU
	EndGlobalSection
	GlobalSection(ProjectConfigurationPlatforms) = postSolution
		{B2267C50-515A-48A5-B557-ACA7F5DD2C8D}.Debug|Any CPU.ActiveCfg = Debug|Any CPU
		{B2267C50-515A-48A5-B557-ACA7F5DD2C8D}.Debug|Any CPU.Build.0 = Debug|Any CPU
		{B2267C50-515A-48A5-B557-ACA7F5DD2C8D}.Release|Any CPU.ActiveCfg = Release|Any CPU
		{B2267C50-515A-48A5-B557-ACA7F5DD2C8D}.Release|Any CPU.Build.0 = Release|Any CPU
	EndGlobalSection
	GlobalSection(SolutionProperties) = preSolution
		HideSolutionNode = FALSE
	EndGlobalSection
	GlobalSection(ExtensibilityGlobals) = postSolution
		SolutionGuid = {A9226705-D7A1-442A-8DDE-16721CB147D7}
	EndGlobalSection
EndGlobal
